
Microsoft Visual Studio Solution File, Format Version 12.00
# Visual Studio Version 16
VisualStudioVersion = 16.0.34031.81
MinimumVisualStudioVersion = 10.0.40219.1
Project("{FAE04EC0-301F-11D3-BF4B-00C04F79EFBC}") = "SiberKayit", "SiberKayit\SiberKayit.csproj", "{C32D0779-5BC9-48B2-BB75-9B5F37E5BC10}"
EndProject
Global
	GlobalSection(SolutionConfigurationPlatforms) = preSolution
		Debug|Any CPU = Debug|Any CPU
		Release|Any CPU = Release|Any CPU
	EndGlobalSection
	GlobalSection(ProjectConfigurationPlatforms) = postSolution
		{C32D0779-5BC9-48B2-BB75-9B5F37E5BC10}.Debug|Any CPU.ActiveCfg = Debug|Any CPU
		{C32D0779-5BC9-48B2-BB75-9B5F37E5BC10}.Debug|Any CPU.Build.0 = Debug|Any CPU
		{C32D0779-5BC9-48B2-BB75-9B5F37E5BC10}.Release|Any CPU.ActiveCfg = Release|Any CPU
		{C32D0779-5BC9-48B2-BB75-9B5F37E5BC10}.Release|Any CPU.Build.0 = Release|Any CPU
	EndGlobalSection
	GlobalSection(SolutionProperties) = preSolution
		HideSolutionNode = FALSE
	EndGlobalSection
	GlobalSection(ExtensibilityGlobals) = postSolution
		SolutionGuid = {4DD6DC8D-DA50-431D-9B1A-33FF6942D916}
	EndGlobalSection
EndGlobal
